
Microsoft Visual Studio Solution File, Format Version 12.00
# Visual Studio Version 17
VisualStudioVersion = 17.8.34330.188
MinimumVisualStudioVersion = 10.0.40219.1
Project("{9A19103F-16F7-4668-BE54-9A1E7A4F7556}") = "WoWViewer.NET", "WoWViewer.NET\WoWViewer.NET.csproj", "{B9B31DDC-4B81-4FA6-A9B5-85DD807DC667}"
EndProject
Project("{9A19103F-16F7-4668-BE54-9A1E7A4F7556}") = "WoWFormatLib", "C:\Users\ictma\Documents\GitHub\WoWViewer.NET\WoWViewer.NET\WoWFormatLib\WoWFormatLib\WoWFormatLib.csproj", "{4C29E41C-CBFC-41BE-BF6D-337DE88FA738}"
EndProject
Project("{9A19103F-16F7-4668-BE54-9A1E7A4F7556}") = "DBCD", "C:\Users\ictma\Documents\GitHub\WoWViewer.NET\WoWViewer.NET\WoWFormatLib\DBCD\DBCD\DBCD.csproj", "{6D38CFD5-8FE7-4170-81F7-0927D1DB6069}"
EndProject
Project("{9A19103F-16F7-4668-BE54-9A1E7A4F7556}") = "DBFileReaderLib", "C:\Users\ictma\Documents\GitHub\WoWViewer.NET\WoWViewer.NET\WoWFormatLib\DBCD\DBFileReaderLib\DBFileReaderLib.csproj", "{B6DA499B-06B6-4630-ACED-4B1568B0A473}"
EndProject
Project("{9A19103F-16F7-4668-BE54-9A1E7A4F7556}") = "SereniaBLPLib", "C:\Users\ictma\Documents\GitHub\WoWViewer.NET\WoWViewer.NET\WoWFormatLib\SereniaBLPLib\SereniaBLPLib\SereniaBLPLib.csproj", "{84F10288-6E8D-496E-B9DF-DBCA3F8BDCF1}"
EndProject
Project("{9A19103F-16F7-4668-BE54-9A1E7A4F7556}") = "CascLib", "C:\Users\ictma\Documents\GitHub\WoWViewer.NET\WoWViewer.NET\WoWFormatLib\CascLib\CascLib\CascLib.csproj", "{10C566D9-7BE4-439F-83F4-3518758BB42B}"
EndProject
Global
	GlobalSection(SolutionConfigurationPlatforms) = preSolution
		Debug|Any CPU = Debug|Any CPU
		Release|Any CPU = Release|Any CPU
	EndGlobalSection
	GlobalSection(ProjectConfigurationPlatforms) = postSolution
		{B9B31DDC-4B81-4FA6-A9B5-85DD807DC667}.Debug|Any CPU.ActiveCfg = Debug|Any CPU
		{B9B31DDC-4B81-4FA6-A9B5-85DD807DC667}.Debug|Any CPU.Build.0 = Debug|Any CPU
		{B9B31DDC-4B81-4FA6-A9B5-85DD807DC667}.Release|Any CPU.ActiveCfg = Release|Any CPU
		{B9B31DDC-4B81-4FA6-A9B5-85DD807DC667}.Release|Any CPU.Build.0 = Release|Any CPU
		{4C29E41C-CBFC-41BE-BF6D-337DE88FA738}.Debug|Any CPU.ActiveCfg = Debug|Any CPU
		{4C29E41C-CBFC-41BE-BF6D-337DE88FA738}.Debug|Any CPU.Build.0 = Debug|Any CPU
		{4C29E41C-CBFC-41BE-BF6D-337DE88FA738}.Release|Any CPU.ActiveCfg = Release|Any CPU
		{4C29E41C-CBFC-41BE-BF6D-337DE88FA738}.Release|Any CPU.Build.0 = Release|Any CPU
		{6D38CFD5-8FE7-4170-81F7-0927D1DB6069}.Debug|Any CPU.ActiveCfg = Debug|Any CPU
		{6D38CFD5-8FE7-4170-81F7-0927D1DB6069}.Debug|Any CPU.Build.0 = Debug|Any CPU
		{6D38CFD5-8FE7-4170-81F7-0927D1DB6069}.Release|Any CPU.ActiveCfg = Release|Any CPU
		{6D38CFD5-8FE7-4170-81F7-0927D1DB6069}.Release|Any CPU.Build.0 = Release|Any CPU
		{B6DA499B-06B6-4630-ACED-4B1568B0A473}.Debug|Any CPU.ActiveCfg = Debug|Any CPU
		{B6DA499B-06B6-4630-ACED-4B1568B0A473}.Debug|Any CPU.Build.0 = Debug|Any CPU
		{B6DA499B-06B6-4630-ACED-4B1568B0A473}.Release|Any CPU.ActiveCfg = Release|Any CPU
		{B6DA499B-06B6-4630-ACED-4B1568B0A473}.Release|Any CPU.Build.0 = Release|Any CPU
		{84F10288-6E8D-496E-B9DF-DBCA3F8BDCF1}.Debug|Any CPU.ActiveCfg = Debug|Any CPU
		{84F10288-6E8D-496E-B9DF-DBCA3F8BDCF1}.Debug|Any CPU.Build.0 = Debug|Any CPU
		{84F10288-6E8D-496E-B9DF-DBCA3F8BDCF1}.Release|Any CPU.ActiveCfg = Release|Any CPU
		{84F10288-6E8D-496E-B9DF-DBCA3F8BDCF1}.Release|Any CPU.Build.0 = Release|Any CPU
		{10C566D9-7BE4-439F-83F4-3518758BB42B}.Debug|Any CPU.ActiveCfg = Debug|Any CPU
		{10C566D9-7BE4-439F-83F4-3518758BB42B}.Debug|Any CPU.Build.0 = Debug|Any CPU
		{10C566D9-7BE4-439F-83F4-3518758BB42B}.Release|Any CPU.ActiveCfg = Release|Any CPU
		{10C566D9-7BE4-439F-83F4-3518758BB42B}.Release|Any CPU.Build.0 = Release|Any CPU
	EndGlobalSection
	GlobalSection(SolutionProperties) = preSolution
		HideSolutionNode = FALSE
	EndGlobalSection
	GlobalSection(ExtensibilityGlobals) = postSolution
		SolutionGuid = {153DC65E-0BFC-4B34-8174-ED7455D1F2CF}
	EndGlobalSection
EndGlobal
