
Microsoft Visual Studio Solution File, Format Version 12.00
# Visual Studio Version 18
VisualStudioVersion = 18.4.11626.88
MinimumVisualStudioVersion = 10.0.40219.1
Project("{9A19103F-16F7-4668-BE54-9A1E7A4F7556}") = "WoWViewer.NET", "WoWViewer.NET\WoWViewer.NET.csproj", "{B9B31DDC-4B81-4FA6-A9B5-85DD807DC667}"
EndProject
Project("{9A19103F-16F7-4668-BE54-9A1E7A4F7556}") = "SceneScriptLib", "..\SceneScriptLib\SceneScriptLib.csproj", "{EB7D3E95-5C31-487E-B745-24F6FE36920C}"
EndProject
Project("{FAE04EC0-301F-11D3-BF4B-00C04F79EFBC}") = "SceneScriptTest", "SceneScriptTest\SceneScriptTest.csproj", "{9E5FCE05-9E49-4A26-A7B7-46585559629B}"
EndProject
Project("{FAE04EC0-301F-11D3-BF4B-00C04F79EFBC}") = "WoWFormatLib", "WoWFormatLib\WoWFormatLib\WoWFormatLib.csproj", "{4DC144C5-4189-C759-9151-361FE9F4BE92}"
EndProject
Project("{FAE04EC0-301F-11D3-BF4B-00C04F79EFBC}") = "BLPSharp", "BLPSharp\BLPSharp\BLPSharp.csproj", "{DCF935AE-5B7D-95C4-6F95-E1EAF0E1A4D5}"
EndProject
Project("{FAE04EC0-301F-11D3-BF4B-00C04F79EFBC}") = "CascLib", "CascLib\CascLib\CascLib.csproj", "{B887A21D-9E61-8471-1164-067358772EE6}"
EndProject
Project("{FAE04EC0-301F-11D3-BF4B-00C04F79EFBC}") = "TACTSharp", "TACTSharp\TACTSharp\TACTSharp.csproj", "{884A4B58-7B4E-73BF-73CC-48C2E526EC3D}"
EndProject
Global
	GlobalSection(SolutionConfigurationPlatforms) = preSolution
		Debug|Any CPU = Debug|Any CPU
		Release|Any CPU = Release|Any CPU
	EndGlobalSection
	GlobalSection(ProjectConfigurationPlatforms) = postSolution
		{B9B31DDC-4B81-4FA6-A9B5-85DD807DC667}.Debug|Any CPU.ActiveCfg = Debug|Any CPU
		{B9B31DDC-4B81-4FA6-A9B5-85DD807DC667}.Debug|Any CPU.Build.0 = Debug|Any CPU
		{B9B31DDC-4B81-4FA6-A9B5-85DD807DC667}.Release|Any CPU.ActiveCfg = Release|Any CPU
		{B9B31DDC-4B81-4FA6-A9B5-85DD807DC667}.Release|Any CPU.Build.0 = Release|Any CPU
		{EB7D3E95-5C31-487E-B745-24F6FE36920C}.Debug|Any CPU.ActiveCfg = Debug|Any CPU
		{EB7D3E95-5C31-487E-B745-24F6FE36920C}.Debug|Any CPU.Build.0 = Debug|Any CPU
		{EB7D3E95-5C31-487E-B745-24F6FE36920C}.Release|Any CPU.ActiveCfg = Release|Any CPU
		{EB7D3E95-5C31-487E-B745-24F6FE36920C}.Release|Any CPU.Build.0 = Release|Any CPU
		{9E5FCE05-9E49-4A26-A7B7-46585559629B}.Debug|Any CPU.ActiveCfg = Debug|Any CPU
		{9E5FCE05-9E49-4A26-A7B7-46585559629B}.Debug|Any CPU.Build.0 = Debug|Any CPU
		{9E5FCE05-9E49-4A26-A7B7-46585559629B}.Release|Any CPU.ActiveCfg = Release|Any CPU
		{9E5FCE05-9E49-4A26-A7B7-46585559629B}.Release|Any CPU.Build.0 = Release|Any CPU
		{4DC144C5-4189-C759-9151-361FE9F4BE92}.Debug|Any CPU.ActiveCfg = Debug|Any CPU
		{4DC144C5-4189-C759-9151-361FE9F4BE92}.Debug|Any CPU.Build.0 = Debug|Any CPU
		{4DC144C5-4189-C759-9151-361FE9F4BE92}.Release|Any CPU.ActiveCfg = Release|Any CPU
		{4DC144C5-4189-C759-9151-361FE9F4BE92}.Release|Any CPU.Build.0 = Release|Any CPU
		{DCF935AE-5B7D-95C4-6F95-E1EAF0E1A4D5}.Debug|Any CPU.ActiveCfg = Debug|Any CPU
		{DCF935AE-5B7D-95C4-6F95-E1EAF0E1A4D5}.Debug|Any CPU.Build.0 = Debug|Any CPU
		{DCF935AE-5B7D-95C4-6F95-E1EAF0E1A4D5}.Release|Any CPU.ActiveCfg = Release|Any CPU
		{DCF935AE-5B7D-95C4-6F95-E1EAF0E1A4D5}.Release|Any CPU.Build.0 = Release|Any CPU
		{B887A21D-9E61-8471-1164-067358772EE6}.Debug|Any CPU.ActiveCfg = Debug|Any CPU
		{B887A21D-9E61-8471-1164-067358772EE6}.Debug|Any CPU.Build.0 = Debug|Any CPU
		{B887A21D-9E61-8471-1164-067358772EE6}.Release|Any CPU.ActiveCfg = Release|Any CPU
		{B887A21D-9E61-8471-1164-067358772EE6}.Release|Any CPU.Build.0 = Release|Any CPU
		{884A4B58-7B4E-73BF-73CC-48C2E526EC3D}.Debug|Any CPU.ActiveCfg = Debug|Any CPU
		{884A4B58-7B4E-73BF-73CC-48C2E526EC3D}.Debug|Any CPU.Build.0 = Debug|Any CPU
		{884A4B58-7B4E-73BF-73CC-48C2E526EC3D}.Release|Any CPU.ActiveCfg = Release|Any CPU
		{884A4B58-7B4E-73BF-73CC-48C2E526EC3D}.Release|Any CPU.Build.0 = Release|Any CPU
	EndGlobalSection
	GlobalSection(SolutionProperties) = preSolution
		HideSolutionNode = FALSE
	EndGlobalSection
	GlobalSection(ExtensibilityGlobals) = postSolution
		SolutionGuid = {153DC65E-0BFC-4B34-8174-ED7455D1F2CF}
	EndGlobalSection
EndGlobal
